
Microsoft Visual Studio Solution File, Format Version 12.00
# Visual Studio 15
VisualStudioVersion = 15.0.28307.489
MinimumVisualStudioVersion = 10.0.40219.1
Project("{2150E333-8FDC-42A3-9474-1A3956D46DE8}") = "src", "src", "{65458E0D-4AD9-45C9-BE24-7E2CAE4A529C}"
EndProject
Project("{2150E333-8FDC-42A3-9474-1A3956D46DE8}") = "SharedKernel", "SharedKernel", "{CF789014-0AD0-4A82-A7A4-46BE95369130}"
EndProject
Project("{2150E333-8FDC-42A3-9474-1A3956D46DE8}") = "Services", "Services", "{88E0C273-43F3-47E1-8810-C8E4872FDA04}"
EndProject
Project("{2150E333-8FDC-42A3-9474-1A3956D46DE8}") = "PingReceiverService", "PingReceiverService", "{D3A11BD6-A044-4895-99C7-681D4FC6A133}"
EndProject
Project("{2150E333-8FDC-42A3-9474-1A3956D46DE8}") = "1 - Service", "1 - Service", "{3B713ACA-7D4B-440F-821F-F1F9A0AB2DDF}"
EndProject
Project("{2150E333-8FDC-42A3-9474-1A3956D46DE8}") = "2 - Application", "2 - Application", "{824C23AF-C0F7-4512-BA95-80826024287C}"
EndProject
Project("{2150E333-8FDC-42A3-9474-1A3956D46DE8}") = "3 - Domain", "3 - Domain", "{6A3E6C06-1DAD-418F-B90C-1D37A97DE9A8}"
EndProject
Project("{2150E333-8FDC-42A3-9474-1A3956D46DE8}") = "4 - Infra", "4 - Infra", "{C0B45B58-CFF6-48E0-BA9B-B169DC76524F}"
EndProject
Project("{2150E333-8FDC-42A3-9474-1A3956D46DE8}") = "4.1 - Data", "4.1 - Data", "{A7BC2BA6-F69B-445D-9759-7E2FBE3FC2A0}"
EndProject
Project("{2150E333-8FDC-42A3-9474-1A3956D46DE8}") = "4.2 - CrossCutting", "4.2 - CrossCutting", "{593BB3EB-1BF5-4BD4-8808-2F58128882B5}"
EndProject
Project("{2150E333-8FDC-42A3-9474-1A3956D46DE8}") = "TrackerEngineService", "TrackerEngineService", "{7189E526-E42F-4989-984A-A96814C6FBD7}"
EndProject
Project("{2150E333-8FDC-42A3-9474-1A3956D46DE8}") = "VehicleDataService", "VehicleDataService", "{577EB2F2-B480-49D3-A938-6E31744284C4}"
EndProject
Project("{2150E333-8FDC-42A3-9474-1A3956D46DE8}") = "TrackerGuiService", "TrackerGuiService", "{FFBC66E6-BF0B-4FF4-AF61-95AAA9486E5C}"
EndProject
Project("{2150E333-8FDC-42A3-9474-1A3956D46DE8}") = "1 - Service", "1 - Service", "{36616175-08EA-498E-9D59-209C0F1CEC2B}"
EndProject
Project("{2150E333-8FDC-42A3-9474-1A3956D46DE8}") = "1 - Service", "1 - Service", "{7F127BE5-9AFD-487A-A01D-CECE78EAFB0E}"
EndProject
Project("{2150E333-8FDC-42A3-9474-1A3956D46DE8}") = "2 - Application", "2 - Application", "{34D94335-8707-4AF1-B4A6-38202EA303C2}"
EndProject
Project("{2150E333-8FDC-42A3-9474-1A3956D46DE8}") = "2 - Application", "2 - Application", "{B77E10F5-15D5-419D-BD88-9CB9D378258E}"
EndProject
Project("{2150E333-8FDC-42A3-9474-1A3956D46DE8}") = "3 - Domain", "3 - Domain", "{1AB67C74-5ECD-4362-BC74-E737AD5ECDB1}"
EndProject
Project("{2150E333-8FDC-42A3-9474-1A3956D46DE8}") = "3 - Domain", "3 - Domain", "{C40FCC8E-E1BC-45B1-9AC0-01AA3EBC679D}"
EndProject
Project("{2150E333-8FDC-42A3-9474-1A3956D46DE8}") = "4 - Infra", "4 - Infra", "{9AB0260A-C72B-4B04-A3FD-54EDF8E79095}"
EndProject
Project("{2150E333-8FDC-42A3-9474-1A3956D46DE8}") = "4 - Infra", "4 - Infra", "{8D5E5F66-7426-4E78-95F0-A59E0D578901}"
EndProject
Project("{2150E333-8FDC-42A3-9474-1A3956D46DE8}") = "4.1 - Data", "4.1 - Data", "{31F3C147-C873-40ED-B01B-26499C580261}"
EndProject
Project("{2150E333-8FDC-42A3-9474-1A3956D46DE8}") = "4.1 - Data", "4.1 - Data", "{41821789-D280-4E17-8C43-DDD7A50644A9}"
EndProject
Project("{2150E333-8FDC-42A3-9474-1A3956D46DE8}") = "4.2 - CrossCutting", "4.2 - CrossCutting", "{60B44136-D85A-46DF-BDC7-D92065EC3855}"
EndProject
Project("{2150E333-8FDC-42A3-9474-1A3956D46DE8}") = "4.2 - CrossCutting", "4.2 - CrossCutting", "{07250FE9-9AB6-47BD-BE8B-CFC3A6D51E1B}"
EndProject
Project("{2150E333-8FDC-42A3-9474-1A3956D46DE8}") = "ApiGatewayService", "ApiGatewayService", "{0F74F206-4823-469B-BE03-505700FBD98A}"
EndProject
Project("{9A19103F-16F7-4668-BE54-9A1E7A4F7556}") = "VehicleTracker.Abstract.Domain.Core", "SharedKernel\VehicleTracker.Abstract.Domain.Core\VehicleTracker.Abstract.Domain.Core.csproj", "{A722025D-6082-422C-BD74-7D14C48D5334}"
EndProject
Project("{9A19103F-16F7-4668-BE54-9A1E7A4F7556}") = "VehicleTracker.VehicleData.Service.Api", "VehicleDataService\VehicleTracker.VehicleData.Service.Api\VehicleTracker.VehicleData.Service.Api.csproj", "{A3749721-1A30-416D-BEBB-875F0F610081}"
EndProject
Project("{9A19103F-16F7-4668-BE54-9A1E7A4F7556}") = "VehicleTracker.PingReceiver.Service.Api", "PingReceiverService\VehicleTracker.PingReceiver.Service.Api\VehicleTracker.PingReceiver.Service.Api.csproj", "{F0B792E9-8B32-47F2-B16E-6CBA3D8EF55E}"
EndProject
Project("{9A19103F-16F7-4668-BE54-9A1E7A4F7556}") = "VehicleTracker.PingReceiver.Application", "PingReceiverService\VehicleTracker.PingReceiver.Application\VehicleTracker.PingReceiver.Application.csproj", "{F0D1962F-E7D2-43E4-B51A-782FF5BDB5A5}"
EndProject
Project("{9A19103F-16F7-4668-BE54-9A1E7A4F7556}") = "VehicleTracker.PingReceiver.Domain", "PingReceiverService\VehicleTracker.PingReceiver.Domain\VehicleTracker.PingReceiver.Domain.csproj", "{7BA1635A-51A4-44BA-B15A-FE24BC1B3B01}"
EndProject
Project("{9A19103F-16F7-4668-BE54-9A1E7A4F7556}") = "VehicleTracker.PingReceiver.Infra.Data", "PingReceiverService\VehicleTracker.PingReceiver.Infra.Data\VehicleTracker.PingReceiver.Infra.Data.csproj", "{BF47BA29-E43D-4699-915F-A23A8F0DC3A5}"
EndProject
Project("{9A19103F-16F7-4668-BE54-9A1E7A4F7556}") = "VehicleTracker.PingReceiver.Infra.CrossCutting.IoC", "PingReceiverService\VehicleTracker.PingReceiver.Infra.CrossCutting.IoC\VehicleTracker.PingReceiver.Infra.CrossCutting.IoC.csproj", "{8FAB633B-9000-4B4B-9666-E2A0A096A947}"
EndProject
Project("{9A19103F-16F7-4668-BE54-9A1E7A4F7556}") = "VehicleTracker.VehicleData.Application", "VehicleDataService\VehicleTracker.VehicleData.Application\VehicleTracker.VehicleData.Application.csproj", "{0337BADE-E149-4D69-8030-4FD57D30A56A}"
EndProject
Project("{9A19103F-16F7-4668-BE54-9A1E7A4F7556}") = "VehicleTracker.VehicleData.Domain", "VehicleDataService\VehicleTracker.VehicleData.Domain\VehicleTracker.VehicleData.Domain.csproj", "{01164E4A-5DCC-4699-9681-E05F46F36D89}"
EndProject
Project("{9A19103F-16F7-4668-BE54-9A1E7A4F7556}") = "VehicleTracker.VehicleData.Infra.Data", "VehicleDataService\VehicleTracker.VehicleData.Infra.Data\VehicleTracker.VehicleData.Infra.Data.csproj", "{B2BDC0FE-A076-4DBC-9897-0069A9E12709}"
EndProject
Project("{9A19103F-16F7-4668-BE54-9A1E7A4F7556}") = "VehicleTracker.VehicleData.Infra.CrossCutting.IoC", "VehicleDataService\VehicleTracker.VehicleData.Infra.IoC\VehicleTracker.VehicleData.Infra.CrossCutting.IoC.csproj", "{7D9F289F-F616-43EB-9E38-6F01F195462F}"
EndProject
Project("{9A19103F-16F7-4668-BE54-9A1E7A4F7556}") = "VehicleTracker.TrackerGui.WebUi", "TrackerGuiService\VehicleTracker.TrackerGui.WebUi\VehicleTracker.TrackerGui.WebUi.csproj", "{54B15FF5-F46F-4AFB-A8F5-A726BC854470}"
EndProject
Project("{9A19103F-16F7-4668-BE54-9A1E7A4F7556}") = "VehicleTracker.Service.ApiGateway", "ApiGatewayService\VehicleTracker.Service.ApiGateway\VehicleTracker.Service.ApiGateway.csproj", "{28B8AE8A-D9C8-4F75-B525-D6CA9DAC9B3F}"
EndProject
Project("{FAE04EC0-301F-11D3-BF4B-00C04F79EFBC}") = "VehicleTracker.TrackerEngine.PingQueueTrigger", "TrackerEngineService\VehicleTracker.TrackerEngine.PingQueueTrigger\VehicleTracker.TrackerEngine.PingQueueTrigger.csproj", "{9CBA3F57-E716-4294-A7F2-DB6ED6372236}"
EndProject
Global
	GlobalSection(SolutionConfigurationPlatforms) = preSolution
		Debug|Any CPU = Debug|Any CPU
		Release|Any CPU = Release|Any CPU
	EndGlobalSection
	GlobalSection(ProjectConfigurationPlatforms) = postSolution
		{A722025D-6082-422C-BD74-7D14C48D5334}.Debug|Any CPU.ActiveCfg = Debug|Any CPU
		{A722025D-6082-422C-BD74-7D14C48D5334}.Debug|Any CPU.Build.0 = Debug|Any CPU
		{A722025D-6082-422C-BD74-7D14C48D5334}.Release|Any CPU.ActiveCfg = Release|Any CPU
		{A722025D-6082-422C-BD74-7D14C48D5334}.Release|Any CPU.Build.0 = Release|Any CPU
		{A3749721-1A30-416D-BEBB-875F0F610081}.Debug|Any CPU.ActiveCfg = Debug|Any CPU
		{A3749721-1A30-416D-BEBB-875F0F610081}.Debug|Any CPU.Build.0 = Debug|Any CPU
		{A3749721-1A30-416D-BEBB-875F0F610081}.Release|Any CPU.ActiveCfg = Release|Any CPU
		{A3749721-1A30-416D-BEBB-875F0F610081}.Release|Any CPU.Build.0 = Release|Any CPU
		{F0B792E9-8B32-47F2-B16E-6CBA3D8EF55E}.Debug|Any CPU.ActiveCfg = Debug|Any CPU
		{F0B792E9-8B32-47F2-B16E-6CBA3D8EF55E}.Debug|Any CPU.Build.0 = Debug|Any CPU
		{F0B792E9-8B32-47F2-B16E-6CBA3D8EF55E}.Release|Any CPU.ActiveCfg = Release|Any CPU
		{F0B792E9-8B32-47F2-B16E-6CBA3D8EF55E}.Release|Any CPU.Build.0 = Release|Any CPU
		{F0D1962F-E7D2-43E4-B51A-782FF5BDB5A5}.Debug|Any CPU.ActiveCfg = Debug|Any CPU
		{F0D1962F-E7D2-43E4-B51A-782FF5BDB5A5}.Debug|Any CPU.Build.0 = Debug|Any CPU
		{F0D1962F-E7D2-43E4-B51A-782FF5BDB5A5}.Release|Any CPU.ActiveCfg = Release|Any CPU
		{F0D1962F-E7D2-43E4-B51A-782FF5BDB5A5}.Release|Any CPU.Build.0 = Release|Any CPU
		{7BA1635A-51A4-44BA-B15A-FE24BC1B3B01}.Debug|Any CPU.ActiveCfg = Debug|Any CPU
		{7BA1635A-51A4-44BA-B15A-FE24BC1B3B01}.Debug|Any CPU.Build.0 = Debug|Any CPU
		{7BA1635A-51A4-44BA-B15A-FE24BC1B3B01}.Release|Any CPU.ActiveCfg = Release|Any CPU
		{7BA1635A-51A4-44BA-B15A-FE24BC1B3B01}.Release|Any CPU.Build.0 = Release|Any CPU
		{BF47BA29-E43D-4699-915F-A23A8F0DC3A5}.Debug|Any CPU.ActiveCfg = Debug|Any CPU
		{BF47BA29-E43D-4699-915F-A23A8F0DC3A5}.Debug|Any CPU.Build.0 = Debug|Any CPU
		{BF47BA29-E43D-4699-915F-A23A8F0DC3A5}.Release|Any CPU.ActiveCfg = Release|Any CPU
		{BF47BA29-E43D-4699-915F-A23A8F0DC3A5}.Release|Any CPU.Build.0 = Release|Any CPU
		{8FAB633B-9000-4B4B-9666-E2A0A096A947}.Debug|Any CPU.ActiveCfg = Debug|Any CPU
		{8FAB633B-9000-4B4B-9666-E2A0A096A947}.Debug|Any CPU.Build.0 = Debug|Any CPU
		{8FAB633B-9000-4B4B-9666-E2A0A096A947}.Release|Any CPU.ActiveCfg = Release|Any CPU
		{8FAB633B-9000-4B4B-9666-E2A0A096A947}.Release|Any CPU.Build.0 = Release|Any CPU
		{0337BADE-E149-4D69-8030-4FD57D30A56A}.Debug|Any CPU.ActiveCfg = Debug|Any CPU
		{0337BADE-E149-4D69-8030-4FD57D30A56A}.Debug|Any CPU.Build.0 = Debug|Any CPU
		{0337BADE-E149-4D69-8030-4FD57D30A56A}.Release|Any CPU.ActiveCfg = Release|Any CPU
		{0337BADE-E149-4D69-8030-4FD57D30A56A}.Release|Any CPU.Build.0 = Release|Any CPU
		{01164E4A-5DCC-4699-9681-E05F46F36D89}.Debug|Any CPU.ActiveCfg = Debug|Any CPU
		{01164E4A-5DCC-4699-9681-E05F46F36D89}.Debug|Any CPU.Build.0 = Debug|Any CPU
		{01164E4A-5DCC-4699-9681-E05F46F36D89}.Release|Any CPU.ActiveCfg = Release|Any CPU
		{01164E4A-5DCC-4699-9681-E05F46F36D89}.Release|Any CPU.Build.0 = Release|Any CPU
		{B2BDC0FE-A076-4DBC-9897-0069A9E12709}.Debug|Any CPU.ActiveCfg = Debug|Any CPU
		{B2BDC0FE-A076-4DBC-9897-0069A9E12709}.Debug|Any CPU.Build.0 = Debug|Any CPU
		{B2BDC0FE-A076-4DBC-9897-0069A9E12709}.Release|Any CPU.ActiveCfg = Release|Any CPU
		{B2BDC0FE-A076-4DBC-9897-0069A9E12709}.Release|Any CPU.Build.0 = Release|Any CPU
		{7D9F289F-F616-43EB-9E38-6F01F195462F}.Debug|Any CPU.ActiveCfg = Debug|Any CPU
		{7D9F289F-F616-43EB-9E38-6F01F195462F}.Debug|Any CPU.Build.0 = Debug|Any CPU
		{7D9F289F-F616-43EB-9E38-6F01F195462F}.Release|Any CPU.ActiveCfg = Release|Any CPU
		{7D9F289F-F616-43EB-9E38-6F01F195462F}.Release|Any CPU.Build.0 = Release|Any CPU
		{54B15FF5-F46F-4AFB-A8F5-A726BC854470}.Debug|Any CPU.ActiveCfg = Debug|Any CPU
		{54B15FF5-F46F-4AFB-A8F5-A726BC854470}.Debug|Any CPU.Build.0 = Debug|Any CPU
		{54B15FF5-F46F-4AFB-A8F5-A726BC854470}.Release|Any CPU.ActiveCfg = Release|Any CPU
		{54B15FF5-F46F-4AFB-A8F5-A726BC854470}.Release|Any CPU.Build.0 = Release|Any CPU
		{28B8AE8A-D9C8-4F75-B525-D6CA9DAC9B3F}.Debug|Any CPU.ActiveCfg = Debug|Any CPU
		{28B8AE8A-D9C8-4F75-B525-D6CA9DAC9B3F}.Debug|Any CPU.Build.0 = Debug|Any CPU
		{28B8AE8A-D9C8-4F75-B525-D6CA9DAC9B3F}.Release|Any CPU.ActiveCfg = Release|Any CPU
		{28B8AE8A-D9C8-4F75-B525-D6CA9DAC9B3F}.Release|Any CPU.Build.0 = Release|Any CPU
		{9CBA3F57-E716-4294-A7F2-DB6ED6372236}.Debug|Any CPU.ActiveCfg = Debug|Any CPU
		{9CBA3F57-E716-4294-A7F2-DB6ED6372236}.Debug|Any CPU.Build.0 = Debug|Any CPU
		{9CBA3F57-E716-4294-A7F2-DB6ED6372236}.Release|Any CPU.ActiveCfg = Release|Any CPU
		{9CBA3F57-E716-4294-A7F2-DB6ED6372236}.Release|Any CPU.Build.0 = Release|Any CPU
	EndGlobalSection
	GlobalSection(SolutionProperties) = preSolution
		HideSolutionNode = FALSE
	EndGlobalSection
	GlobalSection(NestedProjects) = preSolution
		{CF789014-0AD0-4A82-A7A4-46BE95369130} = {65458E0D-4AD9-45C9-BE24-7E2CAE4A529C}
		{88E0C273-43F3-47E1-8810-C8E4872FDA04} = {65458E0D-4AD9-45C9-BE24-7E2CAE4A529C}
		{D3A11BD6-A044-4895-99C7-681D4FC6A133} = {88E0C273-43F3-47E1-8810-C8E4872FDA04}
		{3B713ACA-7D4B-440F-821F-F1F9A0AB2DDF} = {D3A11BD6-A044-4895-99C7-681D4FC6A133}
		{824C23AF-C0F7-4512-BA95-80826024287C} = {D3A11BD6-A044-4895-99C7-681D4FC6A133}
		{6A3E6C06-1DAD-418F-B90C-1D37A97DE9A8} = {D3A11BD6-A044-4895-99C7-681D4FC6A133}
		{C0B45B58-CFF6-48E0-BA9B-B169DC76524F} = {D3A11BD6-A044-4895-99C7-681D4FC6A133}
		{A7BC2BA6-F69B-445D-9759-7E2FBE3FC2A0} = {C0B45B58-CFF6-48E0-BA9B-B169DC76524F}
		{593BB3EB-1BF5-4BD4-8808-2F58128882B5} = {C0B45B58-CFF6-48E0-BA9B-B169DC76524F}
		{7189E526-E42F-4989-984A-A96814C6FBD7} = {88E0C273-43F3-47E1-8810-C8E4872FDA04}
		{577EB2F2-B480-49D3-A938-6E31744284C4} = {88E0C273-43F3-47E1-8810-C8E4872FDA04}
		{FFBC66E6-BF0B-4FF4-AF61-95AAA9486E5C} = {88E0C273-43F3-47E1-8810-C8E4872FDA04}
		{36616175-08EA-498E-9D59-209C0F1CEC2B} = {577EB2F2-B480-49D3-A938-6E31744284C4}
		{7F127BE5-9AFD-487A-A01D-CECE78EAFB0E} = {7189E526-E42F-4989-984A-A96814C6FBD7}
		{34D94335-8707-4AF1-B4A6-38202EA303C2} = {577EB2F2-B480-49D3-A938-6E31744284C4}
		{B77E10F5-15D5-419D-BD88-9CB9D378258E} = {7189E526-E42F-4989-984A-A96814C6FBD7}
		{1AB67C74-5ECD-4362-BC74-E737AD5ECDB1} = {7189E526-E42F-4989-984A-A96814C6FBD7}
		{C40FCC8E-E1BC-45B1-9AC0-01AA3EBC679D} = {577EB2F2-B480-49D3-A938-6E31744284C4}
		{9AB0260A-C72B-4B04-A3FD-54EDF8E79095} = {7189E526-E42F-4989-984A-A96814C6FBD7}
		{8D5E5F66-7426-4E78-95F0-A59E0D578901} = {577EB2F2-B480-49D3-A938-6E31744284C4}
		{31F3C147-C873-40ED-B01B-26499C580261} = {9AB0260A-C72B-4B04-A3FD-54EDF8E79095}
		{41821789-D280-4E17-8C43-DDD7A50644A9} = {8D5E5F66-7426-4E78-95F0-A59E0D578901}
		{60B44136-D85A-46DF-BDC7-D92065EC3855} = {9AB0260A-C72B-4B04-A3FD-54EDF8E79095}
		{07250FE9-9AB6-47BD-BE8B-CFC3A6D51E1B} = {8D5E5F66-7426-4E78-95F0-A59E0D578901}
		{0F74F206-4823-469B-BE03-505700FBD98A} = {88E0C273-43F3-47E1-8810-C8E4872FDA04}
		{A722025D-6082-422C-BD74-7D14C48D5334} = {CF789014-0AD0-4A82-A7A4-46BE95369130}
		{A3749721-1A30-416D-BEBB-875F0F610081} = {36616175-08EA-498E-9D59-209C0F1CEC2B}
		{F0B792E9-8B32-47F2-B16E-6CBA3D8EF55E} = {3B713ACA-7D4B-440F-821F-F1F9A0AB2DDF}
		{F0D1962F-E7D2-43E4-B51A-782FF5BDB5A5} = {824C23AF-C0F7-4512-BA95-80826024287C}
		{7BA1635A-51A4-44BA-B15A-FE24BC1B3B01} = {6A3E6C06-1DAD-418F-B90C-1D37A97DE9A8}
		{BF47BA29-E43D-4699-915F-A23A8F0DC3A5} = {A7BC2BA6-F69B-445D-9759-7E2FBE3FC2A0}
		{8FAB633B-9000-4B4B-9666-E2A0A096A947} = {593BB3EB-1BF5-4BD4-8808-2F58128882B5}
		{0337BADE-E149-4D69-8030-4FD57D30A56A} = {34D94335-8707-4AF1-B4A6-38202EA303C2}
		{01164E4A-5DCC-4699-9681-E05F46F36D89} = {C40FCC8E-E1BC-45B1-9AC0-01AA3EBC679D}
		{B2BDC0FE-A076-4DBC-9897-0069A9E12709} = {41821789-D280-4E17-8C43-DDD7A50644A9}
		{7D9F289F-F616-43EB-9E38-6F01F195462F} = {07250FE9-9AB6-47BD-BE8B-CFC3A6D51E1B}
		{54B15FF5-F46F-4AFB-A8F5-A726BC854470} = {FFBC66E6-BF0B-4FF4-AF61-95AAA9486E5C}
		{28B8AE8A-D9C8-4F75-B525-D6CA9DAC9B3F} = {0F74F206-4823-469B-BE03-505700FBD98A}
		{9CBA3F57-E716-4294-A7F2-DB6ED6372236} = {7F127BE5-9AFD-487A-A01D-CECE78EAFB0E}
	EndGlobalSection
	GlobalSection(ExtensibilityGlobals) = postSolution
		SolutionGuid = {519D33D7-A24D-4DFC-88A2-648376180143}
	EndGlobalSection
EndGlobal
